
Microsoft Visual Studio Solution File, Format Version 12.00
# Visual Studio Version 16
VisualStudioVersion = 16.0.30503.244
MinimumVisualStudioVersion = 10.0.40219.1
Project("{FAE04EC0-301F-11D3-BF4B-00C04F79EFBC}") = "ExpertSenderBridgeCore", "ExpertSenderBridgeCore\ExpertSenderBridgeCore.csproj", "{F6626A0C-B778-402A-B1CA-063704F49950}"
EndProject
Project("{FAE04EC0-301F-11D3-BF4B-00C04F79EFBC}") = "ExpertSenderBridgeFramework", "ExpertSenderBridgeFramework\ExpertSenderBridgeFramework.csproj", "{773402C2-F98B-465C-ACC5-0DF14092041C}"
EndProject
Global
	GlobalSection(SolutionConfigurationPlatforms) = preSolution
		Debug|Any CPU = Debug|Any CPU
		Release|Any CPU = Release|Any CPU
	EndGlobalSection
	GlobalSection(ProjectConfigurationPlatforms) = postSolution
		{F6626A0C-B778-402A-B1CA-063704F49950}.Debug|Any CPU.ActiveCfg = Debug|Any CPU
		{F6626A0C-B778-402A-B1CA-063704F49950}.Debug|Any CPU.Build.0 = Debug|Any CPU
		{F6626A0C-B778-402A-B1CA-063704F49950}.Release|Any CPU.ActiveCfg = Release|Any CPU
		{F6626A0C-B778-402A-B1CA-063704F49950}.Release|Any CPU.Build.0 = Release|Any CPU
		{773402C2-F98B-465C-ACC5-0DF14092041C}.Debug|Any CPU.ActiveCfg = Debug|Any CPU
		{773402C2-F98B-465C-ACC5-0DF14092041C}.Debug|Any CPU.Build.0 = Debug|Any CPU
		{773402C2-F98B-465C-ACC5-0DF14092041C}.Release|Any CPU.ActiveCfg = Release|Any CPU
		{773402C2-F98B-465C-ACC5-0DF14092041C}.Release|Any CPU.Build.0 = Release|Any CPU
	EndGlobalSection
	GlobalSection(SolutionProperties) = preSolution
		HideSolutionNode = FALSE
	EndGlobalSection
	GlobalSection(ExtensibilityGlobals) = postSolution
		SolutionGuid = {C9A5A992-E72A-4C3D-9B45-EF6ABDEAE32D}
	EndGlobalSection
EndGlobal
